
Microsoft Visual Studio Solution File, Format Version 12.00
# Visual Studio Version 17
VisualStudioVersion = 17.9.34622.214
MinimumVisualStudioVersion = 10.0.40219.1
Project("{9A19103F-16F7-4668-BE54-9A1E7A4F7556}") = "Strategy", "Strategy\Strategy.csproj", "{4FF1342E-1368-458F-A776-5118A2845E9B}"
EndProject
Project("{9A19103F-16F7-4668-BE54-9A1E7A4F7556}") = "Observer", "Observer\Observer.csproj", "{70EA8C28-7CB8-4A1D-8492-AB15ADD70006}"
EndProject
Project("{9A19103F-16F7-4668-BE54-9A1E7A4F7556}") = "Decorator", "Decorator\Decorator.csproj", "{DC1CF786-DFCC-432C-BC95-027F7A796839}"
EndProject
Project("{9A19103F-16F7-4668-BE54-9A1E7A4F7556}") = "AbstractFactory", "AbstractFactory\AbstractFactory.csproj", "{97C4D516-856C-45B0-B5CB-D8227D9C9E3A}"
EndProject
Project("{9A19103F-16F7-4668-BE54-9A1E7A4F7556}") = "FactoryMethod", "FactoryMethod\FactoryMethod.csproj", "{F6842E89-FEFF-446F-A1AD-3486434208FB}"
EndProject
Project("{FAE04EC0-301F-11D3-BF4B-00C04F79EFBC}") = "Singleton", "Singleton\Singleton.csproj", "{2C825EDB-C2CB-489A-8611-64F90355C405}"
EndProject
Project("{FAE04EC0-301F-11D3-BF4B-00C04F79EFBC}") = "Command", "Command\Command.csproj", "{36AFE5EE-6FD0-4BD0-87CA-EE5F0B0BFC51}"
EndProject
Global
	GlobalSection(SolutionConfigurationPlatforms) = preSolution
		Debug|Any CPU = Debug|Any CPU
		Release|Any CPU = Release|Any CPU
	EndGlobalSection
	GlobalSection(ProjectConfigurationPlatforms) = postSolution
		{4FF1342E-1368-458F-A776-5118A2845E9B}.Debug|Any CPU.ActiveCfg = Debug|Any CPU
		{4FF1342E-1368-458F-A776-5118A2845E9B}.Debug|Any CPU.Build.0 = Debug|Any CPU
		{4FF1342E-1368-458F-A776-5118A2845E9B}.Release|Any CPU.ActiveCfg = Release|Any CPU
		{4FF1342E-1368-458F-A776-5118A2845E9B}.Release|Any CPU.Build.0 = Release|Any CPU
		{70EA8C28-7CB8-4A1D-8492-AB15ADD70006}.Debug|Any CPU.ActiveCfg = Debug|Any CPU
		{70EA8C28-7CB8-4A1D-8492-AB15ADD70006}.Debug|Any CPU.Build.0 = Debug|Any CPU
		{70EA8C28-7CB8-4A1D-8492-AB15ADD70006}.Release|Any CPU.ActiveCfg = Release|Any CPU
		{70EA8C28-7CB8-4A1D-8492-AB15ADD70006}.Release|Any CPU.Build.0 = Release|Any CPU
		{DC1CF786-DFCC-432C-BC95-027F7A796839}.Debug|Any CPU.ActiveCfg = Debug|Any CPU
		{DC1CF786-DFCC-432C-BC95-027F7A796839}.Debug|Any CPU.Build.0 = Debug|Any CPU
		{DC1CF786-DFCC-432C-BC95-027F7A796839}.Release|Any CPU.ActiveCfg = Release|Any CPU
		{DC1CF786-DFCC-432C-BC95-027F7A796839}.Release|Any CPU.Build.0 = Release|Any CPU
		{97C4D516-856C-45B0-B5CB-D8227D9C9E3A}.Debug|Any CPU.ActiveCfg = Debug|Any CPU
		{97C4D516-856C-45B0-B5CB-D8227D9C9E3A}.Debug|Any CPU.Build.0 = Debug|Any CPU
		{97C4D516-856C-45B0-B5CB-D8227D9C9E3A}.Release|Any CPU.ActiveCfg = Release|Any CPU
		{97C4D516-856C-45B0-B5CB-D8227D9C9E3A}.Release|Any CPU.Build.0 = Release|Any CPU
		{F6842E89-FEFF-446F-A1AD-3486434208FB}.Debug|Any CPU.ActiveCfg = Debug|Any CPU
		{F6842E89-FEFF-446F-A1AD-3486434208FB}.Debug|Any CPU.Build.0 = Debug|Any CPU
		{F6842E89-FEFF-446F-A1AD-3486434208FB}.Release|Any CPU.ActiveCfg = Release|Any CPU
		{F6842E89-FEFF-446F-A1AD-3486434208FB}.Release|Any CPU.Build.0 = Release|Any CPU
		{2C825EDB-C2CB-489A-8611-64F90355C405}.Debug|Any CPU.ActiveCfg = Debug|Any CPU
		{2C825EDB-C2CB-489A-8611-64F90355C405}.Debug|Any CPU.Build.0 = Debug|Any CPU
		{2C825EDB-C2CB-489A-8611-64F90355C405}.Release|Any CPU.ActiveCfg = Release|Any CPU
		{2C825EDB-C2CB-489A-8611-64F90355C405}.Release|Any CPU.Build.0 = Release|Any CPU
		{36AFE5EE-6FD0-4BD0-87CA-EE5F0B0BFC51}.Debug|Any CPU.ActiveCfg = Debug|Any CPU
		{36AFE5EE-6FD0-4BD0-87CA-EE5F0B0BFC51}.Debug|Any CPU.Build.0 = Debug|Any CPU
		{36AFE5EE-6FD0-4BD0-87CA-EE5F0B0BFC51}.Release|Any CPU.ActiveCfg = Release|Any CPU
		{36AFE5EE-6FD0-4BD0-87CA-EE5F0B0BFC51}.Release|Any CPU.Build.0 = Release|Any CPU
	EndGlobalSection
	GlobalSection(SolutionProperties) = preSolution
		HideSolutionNode = FALSE
	EndGlobalSection
	GlobalSection(ExtensibilityGlobals) = postSolution
		SolutionGuid = {046B43DC-1FA5-403A-99CE-04AE9285D781}
	EndGlobalSection
EndGlobal
